
Microsoft Visual Studio Solution File, Format Version 12.00
# Visual Studio Version 17
VisualStudioVersion = 17.0.31903.59
MinimumVisualStudioVersion = 10.0.40219.1
Project("{FAE04EC0-301F-11D3-BF4B-00C04F79EFBC}") = "Swiper.Simulator", "Swiper.Simulator\Swiper.Simulator.csproj", "{82F6DA65-0629-4857-BB14-6DE863B18909}"
EndProject
Project("{FAE04EC0-301F-11D3-BF4B-00C04F79EFBC}") = "Swiper.Tests", "Swiper.Tests\Swiper.Tests.csproj", "{0CD4E7B3-6868-4224-9DA4-E22D3EA985B0}"
EndProject
Project("{FAE04EC0-301F-11D3-BF4B-00C04F79EFBC}") = "Swiper.Startup", "Swiper.Startup\Swiper.Startup.csproj", "{7658C896-90D5-42F9-A2B2-A03024499FE3}"
EndProject
Global
	GlobalSection(SolutionConfigurationPlatforms) = preSolution
		Debug|Any CPU = Debug|Any CPU
		Release|Any CPU = Release|Any CPU
	EndGlobalSection
	GlobalSection(SolutionProperties) = preSolution
		HideSolutionNode = FALSE
	EndGlobalSection
	GlobalSection(ProjectConfigurationPlatforms) = postSolution
		{82F6DA65-0629-4857-BB14-6DE863B18909}.Debug|Any CPU.ActiveCfg = Debug|Any CPU
		{82F6DA65-0629-4857-BB14-6DE863B18909}.Debug|Any CPU.Build.0 = Debug|Any CPU
		{82F6DA65-0629-4857-BB14-6DE863B18909}.Release|Any CPU.ActiveCfg = Release|Any CPU
		{82F6DA65-0629-4857-BB14-6DE863B18909}.Release|Any CPU.Build.0 = Release|Any CPU
		{0CD4E7B3-6868-4224-9DA4-E22D3EA985B0}.Debug|Any CPU.ActiveCfg = Debug|Any CPU
		{0CD4E7B3-6868-4224-9DA4-E22D3EA985B0}.Debug|Any CPU.Build.0 = Debug|Any CPU
		{0CD4E7B3-6868-4224-9DA4-E22D3EA985B0}.Release|Any CPU.ActiveCfg = Release|Any CPU
		{0CD4E7B3-6868-4224-9DA4-E22D3EA985B0}.Release|Any CPU.Build.0 = Release|Any CPU
		{7658C896-90D5-42F9-A2B2-A03024499FE3}.Debug|Any CPU.ActiveCfg = Debug|Any CPU
		{7658C896-90D5-42F9-A2B2-A03024499FE3}.Debug|Any CPU.Build.0 = Debug|Any CPU
		{7658C896-90D5-42F9-A2B2-A03024499FE3}.Release|Any CPU.ActiveCfg = Release|Any CPU
		{7658C896-90D5-42F9-A2B2-A03024499FE3}.Release|Any CPU.Build.0 = Release|Any CPU
	EndGlobalSection
EndGlobal
